# DO NOT EDIT MANUALLY - Managed by Fern Replay
version: "1.0"
generations:
  - commit_sha: 551d1c05093ed8347497d7f2214d7e51bd3093b5
    tree_hash: 089ca0e7626f97958e2026d35bbe9ebbc883d2dd
    timestamp: 2026-08-26T14:20:51.623Z
    cli_version: unknown
    generator_versions: {}
current_generation: 551d1c05093ed8347497d7f2214d7e51bd3093b5
patches: []
